
Microsoft Visual Studio Solution File, Format Version 12.00
# Visual Studio Version 17
VisualStudioVersion = 17.2.32616.157
MinimumVisualStudioVersion = 10.0.40219.1
Project("{FAE04EC0-301F-11D3-BF4B-00C04F79EFBC}") = "Inta.Turizm.Api", "Inta.Turizm.Api\Inta.Turizm.Api.csproj", "{D638E264-CA2F-4175-A5E9-F9D67C9D0A13}"
EndProject
Global
	GlobalSection(SolutionConfigurationPlatforms) = preSolution
		Debug|Any CPU = Debug|Any CPU
		Release|Any CPU = Release|Any CPU
	EndGlobalSection
	GlobalSection(ProjectConfigurationPlatforms) = postSolution
		{D638E264-CA2F-4175-A5E9-F9D67C9D0A13}.Debug|Any CPU.ActiveCfg = Debug|Any CPU
		{D638E264-CA2F-4175-A5E9-F9D67C9D0A13}.Debug|Any CPU.Build.0 = Debug|Any CPU
		{D638E264-CA2F-4175-A5E9-F9D67C9D0A13}.Release|Any CPU.ActiveCfg = Release|Any CPU
		{D638E264-CA2F-4175-A5E9-F9D67C9D0A13}.Release|Any CPU.Build.0 = Release|Any CPU
	EndGlobalSection
	GlobalSection(SolutionProperties) = preSolution
		HideSolutionNode = FALSE
	EndGlobalSection
	GlobalSection(ExtensibilityGlobals) = postSolution
		SolutionGuid = {8C96A5A6-FBA2-4D23-AF9D-3CA08515B0FD}
	EndGlobalSection
EndGlobal
